github.com/grafana/agent v1.3.191 h1:Anqk02/ZYWs4ieo9lCQZfahS334mWjg9DFd1PITYmsQ=
github.com/grafana/agent v1.3.191/go.mod h1:I1+6yesxVPMIUFGbfMV3rYrC64NxIQ51E05M+Kw3004=
go.opentelemetry.io/collector v0.97.0 h1:qyOju13byHIKEK/JehmTiGMj4pFLa4kDyrOCtTmjHU0=
go.opentelemetry.io/collector v0.97.0/go.mod h1:V6xquYAaO2VHVu4DBK28JYuikRdZajh7DH5Vl/Y8NiA=
